# This file is automatically @generated by Poetry 2.2.1 and should not be changed by hand.

[[package]]
name = "robotframework"
version = "7.3.2"
description = "Generic automation framework for acceptance testing and robotic process automation (RPA)"
optional = false
python-versions = ">=3.8"
groups = ["main", "dev"]
files = [
    {file = "robotframework-7.3.2-py3-none-any.whl", hash = "sha256:14ef2afa905285cc073df6ce06d0cd3af4a113df6f815532718079e00c98cca4"},
    {file = "robotframework-7.3.2.tar.gz", hash = "sha256:3bb3e299831ecb1664f3d5082f6ff9f08ba82d61a745bef2227328ef3049e93a"},
]

[metadata]
lock-version = "2.1"
python-versions = "^3.12"
content-hash = "bb06a0397e24d3406af3b7a6c78826b677ef22d0c145d8fc14201568f78698f2"
